
Microsoft Visual Studio Solution File, Format Version 12.00
# Visual Studio Version 16
VisualStudioVersion = 16.0.29709.97
MinimumVisualStudioVersion = 10.0.40219.1
Project("{FAE04EC0-301F-11D3-BF4B-00C04F79EFBC}") = "HeatPricing", "HeatPricing\HeatPricing.csproj", "{233FB708-C163-49FE-8081-61976A3B8154}"
EndProject
Global
	GlobalSection(SolutionConfigurationPlatforms) = preSolution
		Debug|Any CPU = Debug|Any CPU
		Release|Any CPU = Release|Any CPU
	EndGlobalSection
	GlobalSection(ProjectConfigurationPlatforms) = postSolution
		{233FB708-C163-49FE-8081-61976A3B8154}.Debug|Any CPU.ActiveCfg = Debug|Any CPU
		{233FB708-C163-49FE-8081-61976A3B8154}.Debug|Any CPU.Build.0 = Debug|Any CPU
		{233FB708-C163-49FE-8081-61976A3B8154}.Release|Any CPU.ActiveCfg = Release|Any CPU
		{233FB708-C163-49FE-8081-61976A3B8154}.Release|Any CPU.Build.0 = Release|Any CPU
	EndGlobalSection
	GlobalSection(SolutionProperties) = preSolution
		HideSolutionNode = FALSE
	EndGlobalSection
	GlobalSection(ExtensibilityGlobals) = postSolution
		SolutionGuid = {062D435D-7C4D-4E54-9391-F01D09AC7975}
	EndGlobalSection
EndGlobal
